// !$*UTF8*$!
{
	archiveVersion = 1;
	classes = {
	};
	objectVersion = 50;
	objects = {

/* Begin PBXBuildFile section */
		D2109308231B080F00CD0298 /* Place.swift in Sources */ = {isa = PBXBuildFile; fileRef = D2109307231B080F00CD0298 /* Place.swift */; };
		D22D897023199EFB00C1F80A /* MapViewViewController.swift in Sources */ = {isa = PBXBuildFile; fileRef = D22D896F23199EFB00C1F80A /* MapViewViewController.swift */; };
		D2B41B7E23192D4600499E86 /* AppDelegate.swift in Sources */ = {isa = PBXBuildFile; fileRef = D2B41B7D23192D4600499E86 /* AppDelegate.swift */; };
		D2B41B8023192D4600499E86 /* ViewController.swift in Sources */ = {isa = PBXBuildFile; fileRef = D2B41B7F23192D4600499E86 /* ViewController.swift */; };
		D2B41B8323192D4600499E86 /* Main.storyboard in Resources */ = {isa = PBXBuildFile; fileRef = D2B41B8123192D4600499E86 /* Main.storyboard */; };
		D2B41B8523192D5000499E86 /* Assets.xcassets in Resources */ = {isa = PBXBuildFile; fileRef = D2B41B8423192D5000499E86 /* Assets.xcassets */; };
		D2B41B8823192D5000499E86 /* LaunchScreen.storyboard in Resources */ = {isa = PBXBuildFile; fileRef = D2B41B8623192D5000499E86 /* LaunchScreen.storyboard */; };
		D2B41B9323192D5000499E86 /* Quero_ConhecerTests.swift in Sources */ = {isa = PBXBuildFile; fileRef = D2B41B9223192D5000499E86 /* Quero_ConhecerTests.swift */; };
		D2B41B9E23192D5000499E86 /* Quero_ConhecerUITests.swift in Sources */ = {isa = PBXBuildFile; fileRef = D2B41B9D23192D5000499E86 /* Quero_ConhecerUITests.swift */; };
		D2B41BAC2319336A00499E86 /* PlacesTableViewController.swift in Sources */ = {isa = PBXBuildFile; fileRef = D2B41BAB2319336A00499E86 /* PlacesTableViewController.swift */; };
		D2B41BAF23194F4700499E86 /* PlaceFinderViewController.swift in Sources */ = {isa = PBXBuildFile; fileRef = D2B41BAE23194F4700499E86 /* PlaceFinderViewController.swift */; };
/* End PBXBuildFile section */

/* Begin PBXContainerItemProxy section */
		D2B41B8F23192D5000499E86 /* PBXContainerItemProxy */ = {
			isa = PBXContainerItemProxy;
			containerPortal = D2B41B7223192D4500499E86 /* Project object */;
			proxyType = 1;
			remoteGlobalIDString = D2B41B7923192D4600499E86;
			remoteInfo = "Quero Conhecer";
		};
		D2B41B9A23192D5000499E86 /* PBXContainerItemProxy */ = {
			isa = PBXContainerItemProxy;
			containerPortal = D2B41B7223192D4500499E86 /* Project object */;
			proxyType = 1;
			remoteGlobalIDString = D2B41B7923192D4600499E86;
			remoteInfo = "Quero Conhecer";
		};
/* End PBXContainerItemProxy section */

/* Begin PBXFileReference section */
		D2109307231B080F00CD0298 /* Place.swift */ = {isa = PBXFileReference; lastKnownFileType = sourcecode.swift; path = Place.swift; sourceTree = "<group>"; };
		D22D896F23199EFB00C1F80A /* MapViewViewController.swift */ = {isa = PBXFileReference; lastKnownFileType = sourcecode.swift; path = MapViewViewController.swift; sourceTree = "<group>"; };
		D2B41B7A23192D4600499E86 /* Quero Conhecer.app */ = {isa = PBXFileReference; explicitFileType = wrapper.application; includeInIndex = 0; path = "Quero Conhecer.app"; sourceTree = BUILT_PRODUCTS_DIR; };
		D2B41B7D23192D4600499E86 /* AppDelegate.swift */ = {isa = PBXFileReference; lastKnownFileType = sourcecode.swift; path = AppDelegate.swift; sourceTree = "<group>"; };
		D2B41B7F23192D4600499E86 /* ViewController.swift */ = {isa = PBXFileReference; lastKnownFileType = sourcecode.swift; path = ViewController.swift; sourceTree = "<group>"; };
		D2B41B8223192D4600499E86 /* Base */ = {isa = PBXFileReference; lastKnownFileType = file.storyboard; name = Base; path = Base.lproj/Main.storyboard; sourceTree = "<group>"; };
		D2B41B8423192D5000499E86 /* Assets.xcassets */ = {isa = PBXFileReference; lastKnownFileType = folder.assetcatalog; path = Assets.xcassets; sourceTree = "<group>"; };
		D2B41B8723192D5000499E86 /* Base */ = {isa = PBXFileReference; lastKnownFileType = file.storyboard; name = Base; path = Base.lproj/LaunchScreen.storyboard; sourceTree = "<group>"; };
		D2B41B8923192D5000499E86 /* Info.plist */ = {isa = PBXFileReference; lastKnownFileType = text.plist.xml; path = Info.plist; sourceTree = "<group>"; };
		D2B41B8E23192D5000499E86 /* Quero ConhecerTests.xctest */ = {isa = PBXFileReference; explicitFileType = wrapper.cfbundle; includeInIndex = 0; path = "Quero ConhecerTests.xctest"; sourceTree = BUILT_PRODUCTS_DIR; };
		D2B41B9223192D5000499E86 /* Quero_ConhecerTests.swift */ = {isa = PBXFileReference; lastKnownFileType = sourcecode.swift; path = Quero_ConhecerTests.swift; sourceTree = "<group>"; };
		D2B41B9423192D5000499E86 /* Info.plist */ = {isa = PBXFileReference; lastKnownFileType = text.plist.xml; path = Info.plist; sourceTree = "<group>"; };
		D2B41B9923192D5000499E86 /* Quero ConhecerUITests.xctest */ = {isa = PBXFileReference; explicitFileType = wrapper.cfbundle; includeInIndex = 0; path = "Quero ConhecerUITests.xctest"; sourceTree = BUILT_PRODUCTS_DIR; };
		D2B41B9D23192D5000499E86 /* Quero_ConhecerUITests.swift */ = {isa = PBXFileReference; lastKnownFileType = sourcecode.swift; path = Quero_ConhecerUITests.swift; sourceTree = "<group>"; };
		D2B41B9F23192D5000499E86 /* Info.plist */ = {isa = PBXFileReference; lastKnownFileType = text.plist.xml; path = Info.plist; sourceTree = "<group>"; };
		D2B41BAB2319336A00499E86 /* PlacesTableViewController.swift */ = {isa = PBXFileReference; lastKnownFileType = sourcecode.swift; path = PlacesTableViewController.swift; sourceTree = "<group>"; };
		D2B41BAE23194F4700499E86 /* PlaceFinderViewController.swift */ = {isa = PBXFileReference; lastKnownFileType = sourcecode.swift; path = PlaceFinderViewController.swift; sourceTree = "<group>"; };
/* End PBXFileReference section */

/* Begin PBXFrameworksBuildPhase section */
		D2B41B7723192D4600499E86 /* Frameworks */ = {
			isa = PBXFrameworksBuildPhase;
			buildActionMask = 2147483647;
			files = (
			);
			runOnlyForDeploymentPostprocessing = 0;
		};
		D2B41B8B23192D5000499E86 /* Frameworks */ = {
			isa = PBXFrameworksBuildPhase;
			buildActionMask = 2147483647;
			files = (
			);
			runOnlyForDeploymentPostprocessing = 0;
		};
		D2B41B9623192D5000499E86 /* Frameworks */ = {
			isa = PBXFrameworksBuildPhase;
			buildActionMask = 2147483647;
			files = (
			);
			runOnlyForDeploymentPostprocessing = 0;
		};
/* End PBXFrameworksBuildPhase section */

/* Begin PBXGroup section */
		D22D89712319C35A00C1F80A /* Entity */ = {
			isa = PBXGroup;
			children = (
				D2109307231B080F00CD0298 /* Place.swift */,
			);
			path = Entity;
			sourceTree = "<group>";
		};
		D2B41B7123192D4500499E86 = {
			isa = PBXGroup;
			children = (
				D22D89712319C35A00C1F80A /* Entity */,
				D2B41BAD2319338300499E86 /* Views */,
				D2B41B7C23192D4600499E86 /* AppBase */,
				D2B41B9123192D5000499E86 /* Quero ConhecerTests */,
				D2B41B9C23192D5000499E86 /* Quero ConhecerUITests */,
				D2B41B7B23192D4600499E86 /* Products */,
			);
			sourceTree = "<group>";
		};
		D2B41B7B23192D4600499E86 /* Products */ = {
			isa = PBXGroup;
			children = (
				D2B41B7A23192D4600499E86 /* Quero Conhecer.app */,
				D2B41B8E23192D5000499E86 /* Quero ConhecerTests.xctest */,
				D2B41B9923192D5000499E86 /* Quero ConhecerUITests.xctest */,
			);
			name = Products;
			sourceTree = "<group>";
		};
		D2B41B7C23192D4600499E86 /* AppBase */ = {
			isa = PBXGroup;
			children = (
				D2B41B7D23192D4600499E86 /* AppDelegate.swift */,
				D2B41B7F23192D4600499E86 /* ViewController.swift */,
				D2B41B8123192D4600499E86 /* Main.storyboard */,
				D2B41B8423192D5000499E86 /* Assets.xcassets */,
				D2B41B8623192D5000499E86 /* LaunchScreen.storyboard */,
				D2B41B8923192D5000499E86 /* Info.plist */,
			);
			path = AppBase;
			sourceTree = "<group>";
		};
		D2B41B9123192D5000499E86 /* Quero ConhecerTests */ = {
			isa = PBXGroup;
			children = (
				D2B41B9223192D5000499E86 /* Quero_ConhecerTests.swift */,
				D2B41B9423192D5000499E86 /* Info.plist */,
			);
			path = "Quero ConhecerTests";
			sourceTree = "<group>";
		};
		D2B41B9C23192D5000499E86 /* Quero ConhecerUITests */ = {
			isa = PBXGroup;
			children = (
				D2B41B9D23192D5000499E86 /* Quero_ConhecerUITests.swift */,
				D2B41B9F23192D5000499E86 /* Info.plist */,
			);
			path = "Quero ConhecerUITests";
			sourceTree = "<group>";
		};
		D2B41BAD2319338300499E86 /* Views */ = {
			isa = PBXGroup;
			children = (
				D2B41BAB2319336A00499E86 /* PlacesTableViewController.swift */,
				D2B41BAE23194F4700499E86 /* PlaceFinderViewController.swift */,
				D22D896F23199EFB00C1F80A /* MapViewViewController.swift */,
			);
			path = Views;
			sourceTree = "<group>";
		};
/* End PBXGroup section */

/* Begin PBXNativeTarget section */
		D2B41B7923192D4600499E86 /* Quero Conhecer */ = {
			isa = PBXNativeTarget;
			buildConfigurationList = D2B41BA223192D5000499E86 /* Build configuration list for PBXNativeTarget "Quero Conhecer" */;
			buildPhases = (
				D2B41B7623192D4600499E86 /* Sources */,
				D2B41B7723192D4600499E86 /* Frameworks */,
				D2B41B7823192D4600499E86 /* Resources */,
			);
			buildRules = (
			);
			dependencies = (
			);
			name = "Quero Conhecer";
			productName = "Quero Conhecer";
			productReference = D2B41B7A23192D4600499E86 /* Quero Conhecer.app */;
			productType = "com.apple.product-type.application";
		};
		D2B41B8D23192D5000499E86 /* Quero ConhecerTests */ = {
			isa = PBXNativeTarget;
			buildConfigurationList = D2B41BA523192D5000499E86 /* Build configuration list for PBXNativeTarget "Quero ConhecerTests" */;
			buildPhases = (
				D2B41B8A23192D5000499E86 /* Sources */,
				D2B41B8B23192D5000499E86 /* Frameworks */,
				D2B41B8C23192D5000499E86 /* Resources */,
			);
			buildRules = (
			);
			dependencies = (
				D2B41B9023192D5000499E86 /* PBXTargetDependency */,
			);
			name = "Quero ConhecerTests";
			productName = "Quero ConhecerTests";
			productReference = D2B41B8E23192D5000499E86 /* Quero ConhecerTests.xctest */;
			productType = "com.apple.product-type.bundle.unit-test";
		};
		D2B41B9823192D5000499E86 /* Quero ConhecerUITests */ = {
			isa = PBXNativeTarget;
			buildConfigurationList = D2B41BA823192D5000499E86 /* Build configuration list for PBXNativeTarget "Quero ConhecerUITests" */;
			buildPhases = (
				D2B41B9523192D5000499E86 /* Sources */,
				D2B41B9623192D5000499E86 /* Frameworks */,
				D2B41B9723192D5000499E86 /* Resources */,
			);
			buildRules = (
			);
			dependencies = (
				D2B41B9B23192D5000499E86 /* PBXTargetDependency */,
			);
			name = "Quero ConhecerUITests";
			productName = "Quero ConhecerUITests";
			productReference = D2B41B9923192D5000499E86 /* Quero ConhecerUITests.xctest */;
			productType = "com.apple.product-type.bundle.ui-testing";
		};
/* End PBXNativeTarget section */

/* Begin PBXProject section */
		D2B41B7223192D4500499E86 /* Project object */ = {
			isa = PBXProject;
			attributes = {
				LastSwiftUpdateCheck = 1000;
				LastUpgradeCheck = 1000;
				ORGANIZATIONNAME = Alessandro;
				TargetAttributes = {
					D2B41B7923192D4600499E86 = {
						CreatedOnToolsVersion = 10.0;
					};
					D2B41B8D23192D5000499E86 = {
						CreatedOnToolsVersion = 10.0;
						TestTargetID = D2B41B7923192D4600499E86;
					};
					D2B41B9823192D5000499E86 = {
						CreatedOnToolsVersion = 10.0;
						TestTargetID = D2B41B7923192D4600499E86;
					};
				};
			};
			buildConfigurationList = D2B41B7523192D4500499E86 /* Build configuration list for PBXProject "Quero Conhecer" */;
			compatibilityVersion = "Xcode 9.3";
			developmentRegion = en;
			hasScannedForEncodings = 0;
			knownRegions = (
				en,
				Base,
			);
			mainGroup = D2B41B7123192D4500499E86;
			productRefGroup = D2B41B7B23192D4600499E86 /* Products */;
			projectDirPath = "";
			projectRoot = "";
			targets = (
				D2B41B7923192D4600499E86 /* Quero Conhecer */,
				D2B41B8D23192D5000499E86 /* Quero ConhecerTests */,
				D2B41B9823192D5000499E86 /* Quero ConhecerUITests */,
			);
		};
/* End PBXProject section */

/* Begin PBXResourcesBuildPhase section */
		D2B41B7823192D4600499E86 /* Resources */ = {
			isa = PBXResourcesBuildPhase;
			buildActionMask = 2147483647;
			files = (
				D2B41B8823192D5000499E86 /* LaunchScreen.storyboard in Resources */,
				D2B41B8523192D5000499E86 /* Assets.xcassets in Resources */,
				D2B41B8323192D4600499E86 /* Main.storyboard in Resources */,
			);
			runOnlyForDeploymentPostprocessing = 0;
		};
		D2B41B8C23192D5000499E86 /* Resources */ = {
			isa = PBXResourcesBuildPhase;
			buildActionMask = 2147483647;
			files = (
			);
			runOnlyForDeploymentPostprocessing = 0;
		};
		D2B41B9723192D5000499E86 /* Resources */ = {
			isa = PBXResourcesBuildPhase;
			buildActionMask = 2147483647;
			files = (
			);
			runOnlyForDeploymentPostprocessing = 0;
		};
/* End PBXResourcesBuildPhase section */

/* Begin PBXSourcesBuildPhase section */
		D2B41B7623192D4600499E86 /* Sources */ = {
			isa = PBXSourcesBuildPhase;
			buildActionMask = 2147483647;
			files = (
				D2B41B8023192D4600499E86 /* ViewController.swift in Sources */,
				D2B41B7E23192D4600499E86 /* AppDelegate.swift in Sources */,
				D2B41BAF23194F4700499E86 /* PlaceFinderViewController.swift in Sources */,
				D2109308231B080F00CD0298 /* Place.swift in Sources */,
				D2B41BAC2319336A00499E86 /* PlacesTableViewController.swift in Sources */,
				D22D897023199EFB00C1F80A /* MapViewViewController.swift in Sources */,
			);
			runOnlyForDeploymentPostprocessing = 0;
		};
		D2B41B8A23192D5000499E86 /* Sources */ = {
			isa = PBXSourcesBuildPhase;
			buildActionMask = 2147483647;
			files = (
				D2B41B9323192D5000499E86 /* Quero_ConhecerTests.swift in Sources */,
			);
			runOnlyForDeploymentPostprocessing = 0;
		};
		D2B41B9523192D5000499E86 /* Sources */ = {
			isa = PBXSourcesBuildPhase;
			buildActionMask = 2147483647;
			files = (
				D2B41B9E23192D5000499E86 /* Quero_ConhecerUITests.swift in Sources */,
			);
			runOnlyForDeploymentPostprocessing = 0;
		};
/* End PBXSourcesBuildPhase section */

/* Begin PBXTargetDependency section */
		D2B41B9023192D5000499E86 /* PBXTargetDependency */ = {
			isa = PBXTargetDependency;
			target = D2B41B7923192D4600499E86 /* Quero Conhecer */;
			targetProxy = D2B41B8F23192D5000499E86 /* PBXContainerItemProxy */;
		};
		D2B41B9B23192D5000499E86 /* PBXTargetDependency */ = {
			isa = PBXTargetDependency;
			target = D2B41B7923192D4600499E86 /* Quero Conhecer */;
			targetProxy = D2B41B9A23192D5000499E86 /* PBXContainerItemProxy */;
		};
/* End PBXTargetDependency section */

/* Begin PBXVariantGroup section */
		D2B41B8123192D4600499E86 /* Main.storyboard */ = {
			isa = PBXVariantGroup;
			children = (
				D2B41B8223192D4600499E86 /* Base */,
			);
			name = Main.storyboard;
			sourceTree = "<group>";
		};
		D2B41B8623192D5000499E86 /* LaunchScreen.storyboard */ = {
			isa = PBXVariantGroup;
			children = (
				D2B41B8723192D5000499E86 /* Base */,
			);
			name = LaunchScreen.storyboard;
			sourceTree = "<group>";
		};
/* End PBXVariantGroup section */

/* Begin XCBuildConfiguration section */
		D2B41BA023192D5000499E86 /* Debug */ = {
			isa = XCBuildConfiguration;
			buildSettings = {
				ALWAYS_SEARCH_USER_PATHS = NO;
				CLANG_ANALYZER_NONNULL = YES;
				CLANG_ANALYZER_NUMBER_OBJECT_CONVERSION = YES_AGGRESSIVE;
				CLANG_CXX_LANGUAGE_STANDARD = "gnu++14";
				CLANG_CXX_LIBRARY = "libc++";
				CLANG_ENABLE_MODULES = YES;
				CLANG_ENABLE_OBJC_ARC = YES;
				CLANG_ENABLE_OBJC_WEAK = YES;
				CLANG_WARN_BLOCK_CAPTURE_AUTORELEASING = YES;
				CLANG_WARN_BOOL_CONVERSION = YES;
				CLANG_WARN_COMMA = YES;
				CLANG_WARN_CONSTANT_CONVERSION = YES;
				CLANG_WARN_DEPRECATED_OBJC_IMPLEMENTATIONS = YES;
				CLANG_WARN_DIRECT_OBJC_ISA_USAGE = YES_ERROR;
				CLANG_WARN_DOCUMENTATION_COMMENTS = YES;
				CLANG_WARN_EMPTY_BODY = YES;
				CLANG_WARN_ENUM_CONVERSION = YES;
				CLANG_WARN_INFINITE_RECURSION = YES;
				CLANG_WARN_INT_CONVERSION = YES;
				CLANG_WARN_NON_LITERAL_NULL_CONVERSION = YES;
				CLANG_WARN_OBJC_IMPLICIT_RETAIN_SELF = YES;
				CLANG_WARN_OBJC_LITERAL_CONVERSION = YES;
				CLANG_WARN_OBJC_ROOT_CLASS = YES_ERROR;
				CLANG_WARN_RANGE_LOOP_ANALYSIS = YES;
				CLANG_WARN_STRICT_PROTOTYPES = YES;
				CLANG_WARN_SUSPICIOUS_MOVE = YES;
				CLANG_WARN_UNGUARDED_AVAILABILITY = YES_AGGRESSIVE;
				CLANG_WARN_UNREACHABLE_CODE = YES;
				CLANG_WARN__DUPLICATE_METHOD_MATCH = YES;
				CODE_SIGN_IDENTITY = "iPhone Developer";
				COPY_PHASE_STRIP = NO;
				DEBUG_INFORMATION_FORMAT = dwarf;
				ENABLE_STRICT_OBJC_MSGSEND = YES;
				ENABLE_TESTABILITY = YES;
				GCC_C_LANGUAGE_STANDARD = gnu11;
				GCC_DYNAMIC_NO_PIC = NO;
				GCC_NO_COMMON_BLOCKS = YES;
				GCC_OPTIMIZATION_LEVEL = 0;
				GCC_PREPROCESSOR_DEFINITIONS = (
					"DEBUG=1",
					"$(inherited)",
				);
				GCC_WARN_64_TO_32_BIT_CONVERSION = YES;
				GCC_WARN_ABOUT_RETURN_TYPE = YES_ERROR;
				GCC_WARN_UNDECLARED_SELECTOR = YES;
				GCC_WARN_UNINITIALIZED_AUTOS = YES_AGGRESSIVE;
				GCC_WARN_UNUSED_FUNCTION = YES;
				GCC_WARN_UNUSED_VARIABLE = YES;
				IPHONEOS_DEPLOYMENT_TARGET = 12.0;
				MTL_ENABLE_DEBUG_INFO = INCLUDE_SOURCE;
				MTL_FAST_MATH = YES;
				ONLY_ACTIVE_ARCH = YES;
				SDKROOT = iphoneos;
				SWIFT_ACTIVE_COMPILATION_CONDITIONS = DEBUG;
				SWIFT_OPTIMIZATION_LEVEL = "-Onone";
			};
			name = Debug;
		};
		D2B41BA123192D5000499E86 /* Release */ = {
			isa = XCBuildConfiguration;
			buildSettings = {
				ALWAYS_SEARCH_USER_PATHS = NO;
				CLANG_ANALYZER_NONNULL = YES;
				CLANG_ANALYZER_NUMBER_OBJECT_CONVERSION = YES_AGGRESSIVE;
				CLANG_CXX_LANGUAGE_STANDARD = "gnu++14";
				CLANG_CXX_LIBRARY = "libc++";
				CLANG_ENABLE_MODULES = YES;
				CLANG_ENABLE_OBJC_ARC = YES;
				CLANG_ENABLE_OBJC_WEAK = YES;
				CLANG_WARN_BLOCK_CAPTURE_AUTORELEASING = YES;
				CLANG_WARN_BOOL_CONVERSION = YES;
				CLANG_WARN_COMMA = YES;
				CLANG_WARN_CONSTANT_CONVERSION = YES;
				CLANG_WARN_DEPRECATED_OBJC_IMPLEMENTATIONS = YES;
				CLANG_WARN_DIRECT_OBJC_ISA_USAGE = YES_ERROR;
				CLANG_WARN_DOCUMENTATION_COMMENTS = YES;
				CLANG_WARN_EMPTY_BODY = YES;
				CLANG_WARN_ENUM_CONVERSION = YES;
				CLANG_WARN_INFINITE_RECURSION = YES;
				CLANG_WARN_INT_CONVERSION = YES;
				CLANG_WARN_NON_LITERAL_NULL_CONVERSION = YES;
				CLANG_WARN_OBJC_IMPLICIT_RETAIN_SELF = YES;
				CLANG_WARN_OBJC_LITERAL_CONVERSION = YES;
				CLANG_WARN_OBJC_ROOT_CLASS = YES_ERROR;
				CLANG_WARN_RANGE_LOOP_ANALYSIS = YES;
				CLANG_WARN_STRICT_PROTOTYPES = YES;
				CLANG_WARN_SUSPICIOUS_MOVE = YES;
				CLANG_WARN_UNGUARDED_AVAILABILITY = YES_AGGRESSIVE;
				CLANG_WARN_UNREACHABLE_CODE = YES;
				CLANG_WARN__DUPLICATE_METHOD_MATCH = YES;
				CODE_SIGN_IDENTITY = "iPhone Developer";
				COPY_PHASE_STRIP = NO;
				DEBUG_INFORMATION_FORMAT = "dwarf-with-dsym";
				ENABLE_NS_ASSERTIONS = NO;
				ENABLE_STRICT_OBJC_MSGSEND = YES;
				GCC_C_LANGUAGE_STANDARD = gnu11;
				GCC_NO_COMMON_BLOCKS = YES;
				GCC_WARN_64_TO_32_BIT_CONVERSION = YES;
				GCC_WARN_ABOUT_RETURN_TYPE = YES_ERROR;
				GCC_WARN_UNDECLARED_SELECTOR = YES;
				GCC_WARN_UNINITIALIZED_AUTOS = YES_AGGRESSIVE;
				GCC_WARN_UNUSED_FUNCTION = YES;
				GCC_WARN_UNUSED_VARIABLE = YES;
				IPHONEOS_DEPLOYMENT_TARGET = 12.0;
				MTL_ENABLE_DEBUG_INFO = NO;
				MTL_FAST_MATH = YES;
				SDKROOT = iphoneos;
				SWIFT_COMPILATION_MODE = wholemodule;
				SWIFT_OPTIMIZATION_LEVEL = "-O";
				VALIDATE_PRODUCT = YES;
			};
			name = Release;
		};
		D2B41BA323192D5000499E86 /* Debug */ = {
			isa = XCBuildConfiguration;
			buildSettings = {
				ASSETCATALOG_COMPILER_APPICON_NAME = AppIcon;
				CODE_SIGN_STYLE = Automatic;
				DEVELOPMENT_TEAM = 6G8JULRZR4;
				INFOPLIST_FILE = AppBase/Info.plist;
				LD_RUNPATH_SEARCH_PATHS = (
					"$(inherited)",
					"@executable_path/Frameworks",
				);
				PRODUCT_BUNDLE_IDENTIFIER = "com.aletlima.Quero-Conhecer";
				PRODUCT_NAME = "$(TARGET_NAME)";
				SWIFT_VERSION = 4.2;
				TARGETED_DEVICE_FAMILY = 1;
			};
			name = Debug;
		};
		D2B41BA423192D5000499E86 /* Release */ = {
			isa = XCBuildConfiguration;
			buildSettings = {
				ASSETCATALOG_COMPILER_APPICON_NAME = AppIcon;
				CODE_SIGN_STYLE = Automatic;
				DEVELOPMENT_TEAM = 6G8JULRZR4;
				INFOPLIST_FILE = AppBase/Info.plist;
				LD_RUNPATH_SEARCH_PATHS = (
					"$(inherited)",
					"@executable_path/Frameworks",
				);
				PRODUCT_BUNDLE_IDENTIFIER = "com.aletlima.Quero-Conhecer";
				PRODUCT_NAME = "$(TARGET_NAME)";
				SWIFT_VERSION = 4.2;
				TARGETED_DEVICE_FAMILY = 1;
			};
			name = Release;
		};
		D2B41BA623192D5000499E86 /* Debug */ = {
			isa = XCBuildConfiguration;
			buildSettings = {
				ALWAYS_EMBED_SWIFT_STANDARD_LIBRARIES = YES;
				BUNDLE_LOADER = "$(TEST_HOST)";
				CODE_SIGN_STYLE = Automatic;
				DEVELOPMENT_TEAM = 6G8JULRZR4;
				INFOPLIST_FILE = "Quero ConhecerTests/Info.plist";
				LD_RUNPATH_SEARCH_PATHS = (
					"$(inherited)",
					"@executable_path/Frameworks",
					"@loader_path/Frameworks",
				);
				PRODUCT_BUNDLE_IDENTIFIER = "com.aletlima.Quero-ConhecerTests";
				PRODUCT_NAME = "$(TARGET_NAME)";
				SWIFT_VERSION = 4.2;
				TARGETED_DEVICE_FAMILY = "1,2";
				TEST_HOST = "$(BUILT_PRODUCTS_DIR)/Quero Conhecer.app/Quero Conhecer";
			};
			name = Debug;
		};
		D2B41BA723192D5000499E86 /* Release */ = {
			isa = XCBuildConfiguration;
			buildSettings = {
				ALWAYS_EMBED_SWIFT_STANDARD_LIBRARIES = YES;
				BUNDLE_LOADER = "$(TEST_HOST)";
				CODE_SIGN_STYLE = Automatic;
				DEVELOPMENT_TEAM = 6G8JULRZR4;
				INFOPLIST_FILE = "Quero ConhecerTests/Info.plist";
				LD_RUNPATH_SEARCH_PATHS = (
					"$(inherited)",
					"@executable_path/Frameworks",
					"@loader_path/Frameworks",
				);
				PRODUCT_BUNDLE_IDENTIFIER = "com.aletlima.Quero-ConhecerTests";
				PRODUCT_NAME = "$(TARGET_NAME)";
				SWIFT_VERSION = 4.2;
				TARGETED_DEVICE_FAMILY = "1,2";
				TEST_HOST = "$(BUILT_PRODUCTS_DIR)/Quero Conhecer.app/Quero Conhecer";
			};
			name = Release;
		};
		D2B41BA923192D5000499E86 /* Debug */ = {
			isa = XCBuildConfiguration;
			buildSettings = {
				ALWAYS_EMBED_SWIFT_STANDARD_LIBRARIES = YES;
				CODE_SIGN_STYLE = Automatic;
				DEVELOPMENT_TEAM = 6G8JULRZR4;
				INFOPLIST_FILE = "Quero ConhecerUITests/Info.plist";
				LD_RUNPATH_SEARCH_PATHS = (
					"$(inherited)",
					"@executable_path/Frameworks",
					"@loader_path/Frameworks",
				);
				PRODUCT_BUNDLE_IDENTIFIER = "com.aletlima.Quero-ConhecerUITests";
				PRODUCT_NAME = "$(TARGET_NAME)";
				SWIFT_VERSION = 4.2;
				TARGETED_DEVICE_FAMILY = "1,2";
				TEST_TARGET_NAME = "Quero Conhecer";
			};
			name = Debug;
		};
		D2B41BAA23192D5000499E86 /* Release */ = {
			isa = XCBuildConfiguration;
			buildSettings = {
				ALWAYS_EMBED_SWIFT_STANDARD_LIBRARIES = YES;
				CODE_SIGN_STYLE = Automatic;
				DEVELOPMENT_TEAM = 6G8JULRZR4;
				INFOPLIST_FILE = "Quero ConhecerUITests/Info.plist";
				LD_RUNPATH_SEARCH_PATHS = (
					"$(inherited)",
					"@executable_path/Frameworks",
					"@loader_path/Frameworks",
				);
				PRODUCT_BUNDLE_IDENTIFIER = "com.aletlima.Quero-ConhecerUITests";
				PRODUCT_NAME = "$(TARGET_NAME)";
				SWIFT_VERSION = 4.2;
				TARGETED_DEVICE_FAMILY = "1,2";
				TEST_TARGET_NAME = "Quero Conhecer";
			};
			name = Release;
		};
/* End XCBuildConfiguration section */

/* Begin XCConfigurationList section */
		D2B41B7523192D4500499E86 /* Build configuration list for PBXProject "Quero Conhecer" */ = {
			isa = XCConfigurationList;
			buildConfigurations = (
				D2B41BA023192D5000499E86 /* Debug */,
				D2B41BA123192D5000499E86 /* Release */,
			);
			defaultConfigurationIsVisible = 0;
			defaultConfigurationName = Release;
		};
		D2B41BA223192D5000499E86 /* Build configuration list for PBXNativeTarget "Quero Conhecer" */ = {
			isa = XCConfigurationList;
			buildConfigurations = (
				D2B41BA323192D5000499E86 /* Debug */,
				D2B41BA423192D5000499E86 /* Release */,
			);
			defaultConfigurationIsVisible = 0;
			defaultConfigurationName = Release;
		};
		D2B41BA523192D5000499E86 /* Build configuration list for PBXNativeTarget "Quero ConhecerTests" */ = {
			isa = XCConfigurationList;
			buildConfigurations = (
				D2B41BA623192D5000499E86 /* Debug */,
				D2B41BA723192D5000499E86 /* Release */,
			);
			defaultConfigurationIsVisible = 0;
			defaultConfigurationName = Release;
		};
		D2B41BA823192D5000499E86 /* Build configuration list for PBXNativeTarget "Quero ConhecerUITests" */ = {
			isa = XCConfigurationList;
			buildConfigurations = (
				D2B41BA923192D5000499E86 /* Debug */,
				D2B41BAA23192D5000499E86 /* Release */,
			);
			defaultConfigurationIsVisible = 0;
			defaultConfigurationName = Release;
		};
/* End XCConfigurationList section */
	};
	rootObject = D2B41B7223192D4500499E86 /* Project object */;
}
